
Microsoft Visual Studio Solution File, Format Version 12.00
Project("{FAE04EC0-301F-11D3-BF4B-00C04F79EFBC}") = "LinksyncWallet.tests", "LinksyncWallet.tests\LinksyncWallet.tests.csproj", "{E0E2559F-9E89-44A1-AF65-F844E80157CA}"
EndProject
Global
	GlobalSection(SolutionConfigurationPlatforms) = preSolution
		Debug|Any CPU = Debug|Any CPU
		Release|Any CPU = Release|Any CPU
	EndGlobalSection
	GlobalSection(ProjectConfigurationPlatforms) = postSolution
		{E0E2559F-9E89-44A1-AF65-F844E80157CA}.Debug|Any CPU.ActiveCfg = Debug|Any CPU
		{E0E2559F-9E89-44A1-AF65-F844E80157CA}.Debug|Any CPU.Build.0 = Debug|Any CPU
		{E0E2559F-9E89-44A1-AF65-F844E80157CA}.Release|Any CPU.ActiveCfg = Release|Any CPU
		{E0E2559F-9E89-44A1-AF65-F844E80157CA}.Release|Any CPU.Build.0 = Release|Any CPU
	EndGlobalSection
EndGlobal
